// !$*UTF8*$!
{
	archiveVersion = 1;
	classes = {
	};
	objectVersion = 46;
	objects = {

/* Begin PBXBuildFile section */
		21415A8519DF77970052E553 /* AppDelegate.swift in Sources */ = {isa = PBXBuildFile; fileRef = 21415A8419DF77970052E553 /* AppDelegate.swift */; };
		21415A8719DF77970052E553 /* ViewController.swift in Sources */ = {isa = PBXBuildFile; fileRef = 21415A8619DF77970052E553 /* ViewController.swift */; };
		21415A8A19DF77970052E553 /* Main.storyboard in Resources */ = {isa = PBXBuildFile; fileRef = 21415A8819DF77970052E553 /* Main.storyboard */; };
		21415A8C19DF77970052E553 /* Images.xcassets in Resources */ = {isa = PBXBuildFile; fileRef = 21415A8B19DF77970052E553 /* Images.xcassets */; };
		21415A8F19DF77970052E553 /* LaunchScreen.xib in Resources */ = {isa = PBXBuildFile; fileRef = 21415A8D19DF77970052E553 /* LaunchScreen.xib */; };
		21415A9B19DF77970052E553 /* PostcardTests.swift in Sources */ = {isa = PBXBuildFile; fileRef = 21415A9A19DF77970052E553 /* PostcardTests.swift */; };
		21415AA519DF8F700052E553 /* SagradaFamilia.jpeg in Resources */ = {isa = PBXBuildFile; fileRef = 21415AA419DF8F700052E553 /* SagradaFamilia.jpeg */; };
		21415AA719E0C83C0052E553 /* AlbertEinsteinStamp.jpg in Resources */ = {isa = PBXBuildFile; fileRef = 21415AA619E0C83C0052E553 /* AlbertEinsteinStamp.jpg */; };
/* End PBXBuildFile section */

/* Begin PBXContainerItemProxy section */
		21415A9519DF77970052E553 /* PBXContainerItemProxy */ = {
			isa = PBXContainerItemProxy;
			containerPortal = 21415A7719DF77970052E553 /* Project object */;
			proxyType = 1;
			remoteGlobalIDString = 21415A7E19DF77970052E553;
			remoteInfo = Postcard;
		};
/* End PBXContainerItemProxy section */

/* Begin PBXFileReference section */
		21415A7F19DF77970052E553 /* Postcard.app */ = {isa = PBXFileReference; explicitFileType = wrapper.application; includeInIndex = 0; path = Postcard.app; sourceTree = BUILT_PRODUCTS_DIR; };
		21415A8319DF77970052E553 /* Info.plist */ = {isa = PBXFileReference; lastKnownFileType = text.plist.xml; path = Info.plist; sourceTree = "<group>"; };
		21415A8419DF77970052E553 /* AppDelegate.swift */ = {isa = PBXFileReference; lastKnownFileType = sourcecode.swift; path = AppDelegate.swift; sourceTree = "<group>"; };
		21415A8619DF77970052E553 /* ViewController.swift */ = {isa = PBXFileReference; lastKnownFileType = sourcecode.swift; path = ViewController.swift; sourceTree = "<group>"; };
		21415A8919DF77970052E553 /* Base */ = {isa = PBXFileReference; lastKnownFileType = file.storyboard; name = Base; path = Base.lproj/Main.storyboard; sourceTree = "<group>"; };
		21415A8B19DF77970052E553 /* Images.xcassets */ = {isa = PBXFileReference; lastKnownFileType = folder.assetcatalog; path = Images.xcassets; sourceTree = "<group>"; };
		21415A8E19DF77970052E553 /* Base */ = {isa = PBXFileReference; lastKnownFileType = file.xib; name = Base; path = Base.lproj/LaunchScreen.xib; sourceTree = "<group>"; };
		21415A9419DF77970052E553 /* PostcardTests.xctest */ = {isa = PBXFileReference; explicitFileType = wrapper.cfbundle; includeInIndex = 0; path = PostcardTests.xctest; sourceTree = BUILT_PRODUCTS_DIR; };
		21415A9919DF77970052E553 /* Info.plist */ = {isa = PBXFileReference; lastKnownFileType = text.plist.xml; path = Info.plist; sourceTree = "<group>"; };
		21415A9A19DF77970052E553 /* PostcardTests.swift */ = {isa = PBXFileReference; lastKnownFileType = sourcecode.swift; path = PostcardTests.swift; sourceTree = "<group>"; };
		21415AA419DF8F700052E553 /* SagradaFamilia.jpeg */ = {isa = PBXFileReference; lastKnownFileType = image.jpeg; path = SagradaFamilia.jpeg; sourceTree = "<group>"; };
		21415AA619E0C83C0052E553 /* AlbertEinsteinStamp.jpg */ = {isa = PBXFileReference; lastKnownFileType = image.jpeg; path = AlbertEinsteinStamp.jpg; sourceTree = "<group>"; };
/* End PBXFileReference section */

/* Begin PBXFrameworksBuildPhase section */
		21415A7C19DF77970052E553 /* Frameworks */ = {
			isa = PBXFrameworksBuildPhase;
			buildActionMask = 2147483647;
			files = (
			);
			runOnlyForDeploymentPostprocessing = 0;
		};
		21415A9119DF77970052E553 /* Frameworks */ = {
			isa = PBXFrameworksBuildPhase;
			buildActionMask = 2147483647;
			files = (
			);
			runOnlyForDeploymentPostprocessing = 0;
		};
/* End PBXFrameworksBuildPhase section */

/* Begin PBXGroup section */
		21415A7619DF77970052E553 = {
			isa = PBXGroup;
			children = (
				21415A8119DF77970052E553 /* Postcard */,
				21415A9719DF77970052E553 /* PostcardTests */,
				21415A8019DF77970052E553 /* Products */,
			);
			sourceTree = "<group>";
			usesTabs = 1;
		};
		21415A8019DF77970052E553 /* Products */ = {
			isa = PBXGroup;
			children = (
				21415A7F19DF77970052E553 /* Postcard.app */,
				21415A9419DF77970052E553 /* PostcardTests.xctest */,
			);
			name = Products;
			sourceTree = "<group>";
		};
		21415A8119DF77970052E553 /* Postcard */ = {
			isa = PBXGroup;
			children = (
				21415A8419DF77970052E553 /* AppDelegate.swift */,
				21415A8619DF77970052E553 /* ViewController.swift */,
				21415A8819DF77970052E553 /* Main.storyboard */,
				21415A8B19DF77970052E553 /* Images.xcassets */,
				21415A8D19DF77970052E553 /* LaunchScreen.xib */,
				21415A8219DF77970052E553 /* Supporting Files */,
			);
			path = Postcard;
			sourceTree = "<group>";
		};
		21415A8219DF77970052E553 /* Supporting Files */ = {
			isa = PBXGroup;
			children = (
				21415AA619E0C83C0052E553 /* AlbertEinsteinStamp.jpg */,
				21415AA419DF8F700052E553 /* SagradaFamilia.jpeg */,
				21415A8319DF77970052E553 /* Info.plist */,
			);
			name = "Supporting Files";
			sourceTree = "<group>";
		};
		21415A9719DF77970052E553 /* PostcardTests */ = {
			isa = PBXGroup;
			children = (
				21415A9A19DF77970052E553 /* PostcardTests.swift */,
				21415A9819DF77970052E553 /* Supporting Files */,
			);
			path = PostcardTests;
			sourceTree = "<group>";
		};
		21415A9819DF77970052E553 /* Supporting Files */ = {
			isa = PBXGroup;
			children = (
				21415A9919DF77970052E553 /* Info.plist */,
			);
			name = "Supporting Files";
			sourceTree = "<group>";
		};
/* End PBXGroup section */

/* Begin PBXNativeTarget section */
		21415A7E19DF77970052E553 /* Postcard */ = {
			isa = PBXNativeTarget;
			buildConfigurationList = 21415A9E19DF77970052E553 /* Build configuration list for PBXNativeTarget "Postcard" */;
			buildPhases = (
				21415A7B19DF77970052E553 /* Sources */,
				21415A7C19DF77970052E553 /* Frameworks */,
				21415A7D19DF77970052E553 /* Resources */,
			);
			buildRules = (
			);
			dependencies = (
			);
			name = Postcard;
			productName = Postcard;
			productReference = 21415A7F19DF77970052E553 /* Postcard.app */;
			productType = "com.apple.product-type.application";
		};
		21415A9319DF77970052E553 /* PostcardTests */ = {
			isa = PBXNativeTarget;
			buildConfigurationList = 21415AA119DF77970052E553 /* Build configuration list for PBXNativeTarget "PostcardTests" */;
			buildPhases = (
				21415A9019DF77970052E553 /* Sources */,
				21415A9119DF77970052E553 /* Frameworks */,
				21415A9219DF77970052E553 /* Resources */,
			);
			buildRules = (
			);
			dependencies = (
				21415A9619DF77970052E553 /* PBXTargetDependency */,
			);
			name = PostcardTests;
			productName = PostcardTests;
			productReference = 21415A9419DF77970052E553 /* PostcardTests.xctest */;
			productType = "com.apple.product-type.bundle.unit-test";
		};
/* End PBXNativeTarget section */

/* Begin PBXProject section */
		21415A7719DF77970052E553 /* Project object */ = {
			isa = PBXProject;
			attributes = {
				LastUpgradeCheck = 0600;
				ORGANIZATIONNAME = "Michael D. Williams";
				TargetAttributes = {
					21415A7E19DF77970052E553 = {
						CreatedOnToolsVersion = 6.0.1;
						DevelopmentTeam = 5X797H77ZY;
					};
					21415A9319DF77970052E553 = {
						CreatedOnToolsVersion = 6.0.1;
						TestTargetID = 21415A7E19DF77970052E553;
					};
				};
			};
			buildConfigurationList = 21415A7A19DF77970052E553 /* Build configuration list for PBXProject "Postcard" */;
			compatibilityVersion = "Xcode 3.2";
			developmentRegion = English;
			hasScannedForEncodings = 0;
			knownRegions = (
				en,
				Base,
			);
			mainGroup = 21415A7619DF77970052E553;
			productRefGroup = 21415A8019DF77970052E553 /* Products */;
			projectDirPath = "";
			projectRoot = "";
			targets = (
				21415A7E19DF77970052E553 /* Postcard */,
				21415A9319DF77970052E553 /* PostcardTests */,
			);
		};
/* End PBXProject section */

/* Begin PBXResourcesBuildPhase section */
		21415A7D19DF77970052E553 /* Resources */ = {
			isa = PBXResourcesBuildPhase;
			buildActionMask = 2147483647;
			files = (
				21415A8A19DF77970052E553 /* Main.storyboard in Resources */,
				21415AA519DF8F700052E553 /* SagradaFamilia.jpeg in Resources */,
				21415AA719E0C83C0052E553 /* AlbertEinsteinStamp.jpg in Resources */,
				21415A8F19DF77970052E553 /* LaunchScreen.xib in Resources */,
				21415A8C19DF77970052E553 /* Images.xcassets in Resources */,
			);
			runOnlyForDeploymentPostprocessing = 0;
		};
		21415A9219DF77970052E553 /* Resources */ = {
			isa = PBXResourcesBuildPhase;
			buildActionMask = 2147483647;
			files = (
			);
			runOnlyForDeploymentPostprocessing = 0;
		};
/* End PBXResourcesBuildPhase section */

/* Begin PBXSourcesBuildPhase section */
		21415A7B19DF77970052E553 /* Sources */ = {
			isa = PBXSourcesBuildPhase;
			buildActionMask = 2147483647;
			files = (
				21415A8719DF77970052E553 /* ViewController.swift in Sources */,
				21415A8519DF77970052E553 /* AppDelegate.swift in Sources */,
			);
			runOnlyForDeploymentPostprocessing = 0;
		};
		21415A9019DF77970052E553 /* Sources */ = {
			isa = PBXSourcesBuildPhase;
			buildActionMask = 2147483647;
			files = (
				21415A9B19DF77970052E553 /* PostcardTests.swift in Sources */,
			);
			runOnlyForDeploymentPostprocessing = 0;
		};
/* End PBXSourcesBuildPhase section */

/* Begin PBXTargetDependency section */
		21415A9619DF77970052E553 /* PBXTargetDependency */ = {
			isa = PBXTargetDependency;
			target = 21415A7E19DF77970052E553 /* Postcard */;
			targetProxy = 21415A9519DF77970052E553 /* PBXContainerItemProxy */;
		};
/* End PBXTargetDependency section */

/* Begin PBXVariantGroup section */
		21415A8819DF77970052E553 /* Main.storyboard */ = {
			isa = PBXVariantGroup;
			children = (
				21415A8919DF77970052E553 /* Base */,
			);
			name = Main.storyboard;
			sourceTree = "<group>";
		};
		21415A8D19DF77970052E553 /* LaunchScreen.xib */ = {
			isa = PBXVariantGroup;
			children = (
				21415A8E19DF77970052E553 /* Base */,
			);
			name = LaunchScreen.xib;
			sourceTree = "<group>";
		};
/* End PBXVariantGroup section */

/* Begin XCBuildConfiguration section */
		21415A9C19DF77970052E553 /* Debug */ = {
			isa = XCBuildConfiguration;
			buildSettings = {
				ALWAYS_SEARCH_USER_PATHS = NO;
				CLANG_CXX_LANGUAGE_STANDARD = "gnu++0x";
				CLANG_CXX_LIBRARY = "libc++";
				CLANG_ENABLE_MODULES = YES;
				CLANG_ENABLE_OBJC_ARC = YES;
				CLANG_WARN_BOOL_CONVERSION = YES;
				CLANG_WARN_CONSTANT_CONVERSION = YES;
				CLANG_WARN_DIRECT_OBJC_ISA_USAGE = YES_ERROR;
				CLANG_WARN_EMPTY_BODY = YES;
				CLANG_WARN_ENUM_CONVERSION = YES;
				CLANG_WARN_INT_CONVERSION = YES;
				CLANG_WARN_OBJC_ROOT_CLASS = YES_ERROR;
				CLANG_WARN_UNREACHABLE_CODE = YES;
				CLANG_WARN__DUPLICATE_METHOD_MATCH = YES;
				"CODE_SIGN_IDENTITY[sdk=iphoneos*]" = "iPhone Developer";
				COPY_PHASE_STRIP = NO;
				ENABLE_STRICT_OBJC_MSGSEND = YES;
				GCC_C_LANGUAGE_STANDARD = gnu99;
				GCC_DYNAMIC_NO_PIC = NO;
				GCC_OPTIMIZATION_LEVEL = 0;
				GCC_PREPROCESSOR_DEFINITIONS = (
					"DEBUG=1",
					"$(inherited)",
				);
				GCC_SYMBOLS_PRIVATE_EXTERN = NO;
				GCC_WARN_64_TO_32_BIT_CONVERSION = YES;
				GCC_WARN_ABOUT_RETURN_TYPE = YES_ERROR;
				GCC_WARN_UNDECLARED_SELECTOR = YES;
				GCC_WARN_UNINITIALIZED_AUTOS = YES_AGGRESSIVE;
				GCC_WARN_UNUSED_FUNCTION = YES;
				GCC_WARN_UNUSED_VARIABLE = YES;
				IPHONEOS_DEPLOYMENT_TARGET = 8.0;
				MTL_ENABLE_DEBUG_INFO = YES;
				ONLY_ACTIVE_ARCH = YES;
				SDKROOT = iphoneos;
				SWIFT_OPTIMIZATION_LEVEL = "-Onone";
				TARGETED_DEVICE_FAMILY = "1,2";
			};
			name = Debug;
		};
		21415A9D19DF77970052E553 /* Release */ = {
			isa = XCBuildConfiguration;
			buildSettings = {
				ALWAYS_SEARCH_USER_PATHS = NO;
				CLANG_CXX_LANGUAGE_STANDARD = "gnu++0x";
				CLANG_CXX_LIBRARY = "libc++";
				CLANG_ENABLE_MODULES = YES;
				CLANG_ENABLE_OBJC_ARC = YES;
				CLANG_WARN_BOOL_CONVERSION = YES;
				CLANG_WARN_CONSTANT_CONVERSION = YES;
				CLANG_WARN_DIRECT_OBJC_ISA_USAGE = YES_ERROR;
				CLANG_WARN_EMPTY_BODY = YES;
				CLANG_WARN_ENUM_CONVERSION = YES;
				CLANG_WARN_INT_CONVERSION = YES;
				CLANG_WARN_OBJC_ROOT_CLASS = YES_ERROR;
				CLANG_WARN_UNREACHABLE_CODE = YES;
				CLANG_WARN__DUPLICATE_METHOD_MATCH = YES;
				"CODE_SIGN_IDENTITY[sdk=iphoneos*]" = "iPhone Developer";
				COPY_PHASE_STRIP = YES;
				ENABLE_NS_ASSERTIONS = NO;
				ENABLE_STRICT_OBJC_MSGSEND = YES;
				GCC_C_LANGUAGE_STANDARD = gnu99;
				GCC_WARN_64_TO_32_BIT_CONVERSION = YES;
				GCC_WARN_ABOUT_RETURN_TYPE = YES_ERROR;
				GCC_WARN_UNDECLARED_SELECTOR = YES;
				GCC_WARN_UNINITIALIZED_AUTOS = YES_AGGRESSIVE;
				GCC_WARN_UNUSED_FUNCTION = YES;
				GCC_WARN_UNUSED_VARIABLE = YES;
				IPHONEOS_DEPLOYMENT_TARGET = 8.0;
				MTL_ENABLE_DEBUG_INFO = NO;
				SDKROOT = iphoneos;
				TARGETED_DEVICE_FAMILY = "1,2";
				VALIDATE_PRODUCT = YES;
			};
			name = Release;
		};
		21415A9F19DF77970052E553 /* Debug */ = {
			isa = XCBuildConfiguration;
			buildSettings = {
				ASSETCATALOG_COMPILER_APPICON_NAME = AppIcon;
				INFOPLIST_FILE = Postcard/Info.plist;
				LD_RUNPATH_SEARCH_PATHS = "$(inherited) @executable_path/Frameworks";
				PRODUCT_NAME = "$(TARGET_NAME)";
				TARGETED_DEVICE_FAMILY = "1,2";
			};
			name = Debug;
		};
		21415AA019DF77970052E553 /* Release */ = {
			isa = XCBuildConfiguration;
			buildSettings = {
				ASSETCATALOG_COMPILER_APPICON_NAME = AppIcon;
				INFOPLIST_FILE = Postcard/Info.plist;
				LD_RUNPATH_SEARCH_PATHS = "$(inherited) @executable_path/Frameworks";
				PRODUCT_NAME = "$(TARGET_NAME)";
				TARGETED_DEVICE_FAMILY = "1,2";
			};
			name = Release;
		};
		21415AA219DF77970052E553 /* Debug */ = {
			isa = XCBuildConfiguration;
			buildSettings = {
				BUNDLE_LOADER = "$(TEST_HOST)";
				FRAMEWORK_SEARCH_PATHS = (
					"$(SDKROOT)/Developer/Library/Frameworks",
					"$(inherited)",
				);
				GCC_PREPROCESSOR_DEFINITIONS = (
					"DEBUG=1",
					"$(inherited)",
				);
				INFOPLIST_FILE = PostcardTests/Info.plist;
				LD_RUNPATH_SEARCH_PATHS = "$(inherited) @executable_path/Frameworks @loader_path/Frameworks";
				PRODUCT_NAME = "$(TARGET_NAME)";
				TEST_HOST = "$(BUILT_PRODUCTS_DIR)/Postcard.app/Postcard";
			};
			name = Debug;
		};
		21415AA319DF77970052E553 /* Release */ = {
			isa = XCBuildConfiguration;
			buildSettings = {
				BUNDLE_LOADER = "$(TEST_HOST)";
				FRAMEWORK_SEARCH_PATHS = (
					"$(SDKROOT)/Developer/Library/Frameworks",
					"$(inherited)",
				);
				INFOPLIST_FILE = PostcardTests/Info.plist;
				LD_RUNPATH_SEARCH_PATHS = "$(inherited) @executable_path/Frameworks @loader_path/Frameworks";
				PRODUCT_NAME = "$(TARGET_NAME)";
				TEST_HOST = "$(BUILT_PRODUCTS_DIR)/Postcard.app/Postcard";
			};
			name = Release;
		};
/* End XCBuildConfiguration section */

/* Begin XCConfigurationList section */
		21415A7A19DF77970052E553 /* Build configuration list for PBXProject "Postcard" */ = {
			isa = XCConfigurationList;
			buildConfigurations = (
				21415A9C19DF77970052E553 /* Debug */,
				21415A9D19DF77970052E553 /* Release */,
			);
			defaultConfigurationIsVisible = 0;
			defaultConfigurationName = Release;
		};
		21415A9E19DF77970052E553 /* Build configuration list for PBXNativeTarget "Postcard" */ = {
			isa = XCConfigurationList;
			buildConfigurations = (
				21415A9F19DF77970052E553 /* Debug */,
				21415AA019DF77970052E553 /* Release */,
			);
			defaultConfigurationIsVisible = 0;
		};
		21415AA119DF77970052E553 /* Build configuration list for PBXNativeTarget "PostcardTests" */ = {
			isa = XCConfigurationList;
			buildConfigurations = (
				21415AA219DF77970052E553 /* Debug */,
				21415AA319DF77970052E553 /* Release */,
			);
			defaultConfigurationIsVisible = 0;
		};
/* End XCConfigurationList section */
	};
	rootObject = 21415A7719DF77970052E553 /* Project object */;
}
